PODS:
  - MarqueeLabel/Swift (3.1.6)

DEPENDENCIES:
  - MarqueeLabel/Swift

SPEC REPOS:
  https://github.com/cocoapods/specs.git:
    - MarqueeLabel

SPEC CHECKSUMS:
  MarqueeLabel: 0c41f08ef5773e29c0f71064a8fa788a2fd8b365

PODFILE CHECKSUM: b3789115c5aace3f32382a3febb2deaa40c8688c

COCOAPODS: 1.5.3
